// !$*UTF8*$!
{
	archiveVersion = 1;
	classes = {
	};
	objectVersion = 46;
	objects = {

/* Begin PBXBuildFile section */
		0E84FDCE41DE3800DB349BD3 /* Pods_chat.framework in Frameworks */ = {isa = PBXBuildFile; fileRef = FEA431E0BE89A8EFA012D198 /* Pods_chat.framework */; };
		1D0265451E5C242C007E6A3B /* Function.swift in Sources */ = {isa = PBXBuildFile; fileRef = 1D0265441E5C242C007E6A3B /* Function.swift */; };
		1D04A95B1E5EC21C00D229EE /* CoreDataController.swift in Sources */ = {isa = PBXBuildFile; fileRef = 1D04A95A1E5EC21C00D229EE /* CoreDataController.swift */; };
		1D6D7BC61E5AE90200B8A905 /* AppDelegate.swift in Sources */ = {isa = PBXBuildFile; fileRef = 1D6D7BC51E5AE90200B8A905 /* AppDelegate.swift */; };
		1D6D7BC81E5AE90200B8A905 /* ViewController.swift in Sources */ = {isa = PBXBuildFile; fileRef = 1D6D7BC71E5AE90200B8A905 /* ViewController.swift */; };
		1D6D7BCB1E5AE90200B8A905 /* Main.storyboard in Resources */ = {isa = PBXBuildFile; fileRef = 1D6D7BC91E5AE90200B8A905 /* Main.storyboard */; };
		1D6D7BCE1E5AE90200B8A905 /* chat.xcdatamodeld in Sources */ = {isa = PBXBuildFile; fileRef = 1D6D7BCC1E5AE90200B8A905 /* chat.xcdatamodeld */; };
		1D6D7BD01E5AE90200B8A905 /* Assets.xcassets in Resources */ = {isa = PBXBuildFile; fileRef = 1D6D7BCF1E5AE90200B8A905 /* Assets.xcassets */; };
		1D6D7BD31E5AE90200B8A905 /* LaunchScreen.storyboard in Resources */ = {isa = PBXBuildFile; fileRef = 1D6D7BD11E5AE90200B8A905 /* LaunchScreen.storyboard */; };
		1D6D7BDE1E5AE90200B8A905 /* chatTests.swift in Sources */ = {isa = PBXBuildFile; fileRef = 1D6D7BDD1E5AE90200B8A905 /* chatTests.swift */; };
		1D6D7BE91E5AE90200B8A905 /* chatUITests.swift in Sources */ = {isa = PBXBuildFile; fileRef = 1D6D7BE81E5AE90200B8A905 /* chatUITests.swift */; };
		1D6D7BFA1E5B076400B8A905 /* outgoingChatTableViewCell.swift in Sources */ = {isa = PBXBuildFile; fileRef = 1D6D7BF81E5B076400B8A905 /* outgoingChatTableViewCell.swift */; };
		1D6D7BFB1E5B076400B8A905 /* outgoingChatTableViewCell.xib in Resources */ = {isa = PBXBuildFile; fileRef = 1D6D7BF91E5B076400B8A905 /* outgoingChatTableViewCell.xib */; };
		1D6D7BFE1E5B077A00B8A905 /* incomingChatTableViewCell.swift in Sources */ = {isa = PBXBuildFile; fileRef = 1D6D7BFC1E5B077A00B8A905 /* incomingChatTableViewCell.swift */; };
		1D6D7BFF1E5B077A00B8A905 /* incomingChatTableViewCell.xib in Resources */ = {isa = PBXBuildFile; fileRef = 1D6D7BFD1E5B077A00B8A905 /* incomingChatTableViewCell.xib */; };
		1DDEFF3C1E5EF04A00183315 /* ChatsDisplayTableViewCell.swift in Sources */ = {isa = PBXBuildFile; fileRef = 1DDEFF3A1E5EF04A00183315 /* ChatsDisplayTableViewCell.swift */; };
		1DDEFF3D1E5EF04A00183315 /* ChatsDisplayTableViewCell.xib in Resources */ = {isa = PBXBuildFile; fileRef = 1DDEFF3B1E5EF04A00183315 /* ChatsDisplayTableViewCell.xib */; };
		1DDEFF3F1E5F0EF900183315 /* ChatsDisplayViewController.swift in Sources */ = {isa = PBXBuildFile; fileRef = 1DDEFF3E1E5F0EF900183315 /* ChatsDisplayViewController.swift */; };
/* End PBXBuildFile section */

/* Begin PBXContainerItemProxy section */
		1D6D7BDA1E5AE90200B8A905 /* PBXContainerItemProxy */ = {
			isa = PBXContainerItemProxy;
			containerPortal = 1D6D7BBA1E5AE90200B8A905 /* Project object */;
			proxyType = 1;
			remoteGlobalIDString = 1D6D7BC11E5AE90200B8A905;
			remoteInfo = chat;
		};
		1D6D7BE51E5AE90200B8A905 /* PBXContainerItemProxy */ = {
			isa = PBXContainerItemProxy;
			containerPortal = 1D6D7BBA1E5AE90200B8A905 /* Project object */;
			proxyType = 1;
			remoteGlobalIDString = 1D6D7BC11E5AE90200B8A905;
			remoteInfo = chat;
		};
/* End PBXContainerItemProxy section */

/* Begin PBXFileReference section */
		1D0265441E5C242C007E6A3B /* Function.swift */ = {isa = PBXFileReference; fileEncoding = 4; lastKnownFileType = sourcecode.swift; path = Function.swift; sourceTree = "<group>"; };
		1D04A9521E5EB4CC00D229EE /* User+CoreDataClass.swift */ = {isa = PBXFileReference; fileEncoding = 4; lastKnownFileType = sourcecode.swift; path = "User+CoreDataClass.swift"; sourceTree = "<group>"; };
		1D04A9531E5EB4CC00D229EE /* User+CoreDataProperties.swift */ = {isa = PBXFileReference; fileEncoding = 4; lastKnownFileType = sourcecode.swift; path = "User+CoreDataProperties.swift"; sourceTree = "<group>"; };
		1D04A9541E5EB4CC00D229EE /* Chat+CoreDataClass.swift */ = {isa = PBXFileReference; fileEncoding = 4; lastKnownFileType = sourcecode.swift; path = "Chat+CoreDataClass.swift"; sourceTree = "<group>"; };
		1D04A9551E5EB4CC00D229EE /* Chat+CoreDataProperties.swift */ = {isa = PBXFileReference; fileEncoding = 4; lastKnownFileType = sourcecode.swift; path = "Chat+CoreDataProperties.swift"; sourceTree = "<group>"; };
		1D04A95A1E5EC21C00D229EE /* CoreDataController.swift */ = {isa = PBXFileReference; fileEncoding = 4; lastKnownFileType = sourcecode.swift; path = CoreDataController.swift; sourceTree = "<group>"; };
		1D6D7BC21E5AE90200B8A905 /* chat.app */ = {isa = PBXFileReference; explicitFileType = wrapper.application; includeInIndex = 0; path = chat.app; sourceTree = BUILT_PRODUCTS_DIR; };
		1D6D7BC51E5AE90200B8A905 /* AppDelegate.swift */ = {isa = PBXFileReference; lastKnownFileType = sourcecode.swift; path = AppDelegate.swift; sourceTree = "<group>"; };
		1D6D7BC71E5AE90200B8A905 /* ViewController.swift */ = {isa = PBXFileReference; lastKnownFileType = sourcecode.swift; path = ViewController.swift; sourceTree = "<group>"; };
		1D6D7BCA1E5AE90200B8A905 /* Base */ = {isa = PBXFileReference; lastKnownFileType = file.storyboard; name = Base; path = Base.lproj/Main.storyboard; sourceTree = "<group>"; };
		1D6D7BCD1E5AE90200B8A905 /* chat.xcdatamodel */ = {isa = PBXFileReference; lastKnownFileType = wrapper.xcdatamodel; path = chat.xcdatamodel; sourceTree = "<group>"; };
		1D6D7BCF1E5AE90200B8A905 /* Assets.xcassets */ = {isa = PBXFileReference; lastKnownFileType = folder.assetcatalog; path = Assets.xcassets; sourceTree = "<group>"; };
		1D6D7BD21E5AE90200B8A905 /* Base */ = {isa = PBXFileReference; lastKnownFileType = file.storyboard; name = Base; path = Base.lproj/LaunchScreen.storyboard; sourceTree = "<group>"; };
		1D6D7BD41E5AE90200B8A905 /* Info.plist */ = {isa = PBXFileReference; lastKnownFileType = text.plist.xml; path = Info.plist; sourceTree = "<group>"; };
		1D6D7BD91E5AE90200B8A905 /* chatTests.xctest */ = {isa = PBXFileReference; explicitFileType = wrapper.cfbundle; includeInIndex = 0; path = chatTests.xctest; sourceTree = BUILT_PRODUCTS_DIR; };
		1D6D7BDD1E5AE90200B8A905 /* chatTests.swift */ = {isa = PBXFileReference; lastKnownFileType = sourcecode.swift; path = chatTests.swift; sourceTree = "<group>"; };
		1D6D7BDF1E5AE90200B8A905 /* Info.plist */ = {isa = PBXFileReference; lastKnownFileType = text.plist.xml; path = Info.plist; sourceTree = "<group>"; };
		1D6D7BE41E5AE90200B8A905 /* chatUITests.xctest */ = {isa = PBXFileReference; explicitFileType = wrapper.cfbundle; includeInIndex = 0; path = chatUITests.xctest; sourceTree = BUILT_PRODUCTS_DIR; };
		1D6D7BE81E5AE90200B8A905 /* chatUITests.swift */ = {isa = PBXFileReference; lastKnownFileType = sourcecode.swift; path = chatUITests.swift; sourceTree = "<group>"; };
		1D6D7BEA1E5AE90200B8A905 /* Info.plist */ = {isa = PBXFileReference; lastKnownFileType = text.plist.xml; path = Info.plist; sourceTree = "<group>"; };
		1D6D7BF81E5B076400B8A905 /* outgoingChatTableViewCell.swift */ = {isa = PBXFileReference; fileEncoding = 4; lastKnownFileType = sourcecode.swift; path = outgoingChatTableViewCell.swift; sourceTree = "<group>"; };
		1D6D7BF91E5B076400B8A905 /* outgoingChatTableViewCell.xib */ = {isa = PBXFileReference; fileEncoding = 4; lastKnownFileType = file.xib; path = outgoingChatTableViewCell.xib; sourceTree = "<group>"; };
		1D6D7BFC1E5B077A00B8A905 /* incomingChatTableViewCell.swift */ = {isa = PBXFileReference; fileEncoding = 4; lastKnownFileType = sourcecode.swift; path = incomingChatTableViewCell.swift; sourceTree = "<group>"; };
		1D6D7BFD1E5B077A00B8A905 /* incomingChatTableViewCell.xib */ = {isa = PBXFileReference; fileEncoding = 4; lastKnownFileType = file.xib; path = incomingChatTableViewCell.xib; sourceTree = "<group>"; };
		1DDEFF3A1E5EF04A00183315 /* ChatsDisplayTableViewCell.swift */ = {isa = PBXFileReference; fileEncoding = 4; lastKnownFileType = sourcecode.swift; path = ChatsDisplayTableViewCell.swift; sourceTree = "<group>"; };
		1DDEFF3B1E5EF04A00183315 /* ChatsDisplayTableViewCell.xib */ = {isa = PBXFileReference; fileEncoding = 4; lastKnownFileType = file.xib; path = ChatsDisplayTableViewCell.xib; sourceTree = "<group>"; };
		1DDEFF3E1E5F0EF900183315 /* ChatsDisplayViewController.swift */ = {isa = PBXFileReference; fileEncoding = 4; lastKnownFileType = sourcecode.swift; path = ChatsDisplayViewController.swift; sourceTree = "<group>"; };
		BEF175198E575AFDAC5A03FD /* Pods-chat.debug.xcconfig */ = {isa = PBXFileReference; includeInIndex = 1; lastKnownFileType = text.xcconfig; name = "Pods-chat.debug.xcconfig"; path = "Pods/Target Support Files/Pods-chat/Pods-chat.debug.xcconfig"; sourceTree = "<group>"; };
		D38592C452B461DB21445407 /* Pods-chat.release.xcconfig */ = {isa = PBXFileReference; includeInIndex = 1; lastKnownFileType = text.xcconfig; name = "Pods-chat.release.xcconfig"; path = "Pods/Target Support Files/Pods-chat/Pods-chat.release.xcconfig"; sourceTree = "<group>"; };
		FEA431E0BE89A8EFA012D198 /* Pods_chat.framework */ = {isa = PBXFileReference; explicitFileType = wrapper.framework; includeInIndex = 0; path = Pods_chat.framework; sourceTree = BUILT_PRODUCTS_DIR; };
/* End PBXFileReference section */

/* Begin PBXFrameworksBuildPhase section */
		1D6D7BBF1E5AE90200B8A905 /* Frameworks */ = {
			isa = PBXFrameworksBuildPhase;
			buildActionMask = 2147483647;
			files = (
				0E84FDCE41DE3800DB349BD3 /* Pods_chat.framework in Frameworks */,
			);
			runOnlyForDeploymentPostprocessing = 0;
		};
		1D6D7BD61E5AE90200B8A905 /* Frameworks */ = {
			isa = PBXFrameworksBuildPhase;
			buildActionMask = 2147483647;
			files = (
			);
			runOnlyForDeploymentPostprocessing = 0;
		};
		1D6D7BE11E5AE90200B8A905 /* Frameworks */ = {
			isa = PBXFrameworksBuildPhase;
			buildActionMask = 2147483647;
			files = (
			);
			runOnlyForDeploymentPostprocessing = 0;
		};
/* End PBXFrameworksBuildPhase section */

/* Begin PBXGroup section */
		0E7F825848AEC310D7C2273B /* Pods */ = {
			isa = PBXGroup;
			children = (
				BEF175198E575AFDAC5A03FD /* Pods-chat.debug.xcconfig */,
				D38592C452B461DB21445407 /* Pods-chat.release.xcconfig */,
			);
			name = Pods;
			sourceTree = "<group>";
		};
		1D0265411E5C12BF007E6A3B /* CoreData */ = {
			isa = PBXGroup;
			children = (
				1D04A9521E5EB4CC00D229EE /* User+CoreDataClass.swift */,
				1D04A9531E5EB4CC00D229EE /* User+CoreDataProperties.swift */,
				1D04A9541E5EB4CC00D229EE /* Chat+CoreDataClass.swift */,
				1D04A9551E5EB4CC00D229EE /* Chat+CoreDataProperties.swift */,
			);
			name = CoreData;
			sourceTree = "<group>";
		};
		1D0265421E5C12E8007E6A3B /* TableCells */ = {
			isa = PBXGroup;
			children = (
				1D6D7BF81E5B076400B8A905 /* outgoingChatTableViewCell.swift */,
				1D6D7BF91E5B076400B8A905 /* outgoingChatTableViewCell.xib */,
				1D6D7BFC1E5B077A00B8A905 /* incomingChatTableViewCell.swift */,
				1D6D7BFD1E5B077A00B8A905 /* incomingChatTableViewCell.xib */,
				1DDEFF3A1E5EF04A00183315 /* ChatsDisplayTableViewCell.swift */,
				1DDEFF3B1E5EF04A00183315 /* ChatsDisplayTableViewCell.xib */,
			);
			name = TableCells;
			sourceTree = "<group>";
		};
		1D6D7BB91E5AE90200B8A905 = {
			isa = PBXGroup;
			children = (
				1D6D7BC41E5AE90200B8A905 /* chat */,
				1D6D7BDC1E5AE90200B8A905 /* chatTests */,
				1D6D7BE71E5AE90200B8A905 /* chatUITests */,
				1D6D7BC31E5AE90200B8A905 /* Products */,
				0E7F825848AEC310D7C2273B /* Pods */,
				91DCED5BE265D7BEF360F990 /* Frameworks */,
			);
			sourceTree = "<group>";
		};
		1D6D7BC31E5AE90200B8A905 /* Products */ = {
			isa = PBXGroup;
			children = (
				1D6D7BC21E5AE90200B8A905 /* chat.app */,
				1D6D7BD91E5AE90200B8A905 /* chatTests.xctest */,
				1D6D7BE41E5AE90200B8A905 /* chatUITests.xctest */,
			);
			name = Products;
			sourceTree = "<group>";
		};
		1D6D7BC41E5AE90200B8A905 /* chat */ = {
			isa = PBXGroup;
			children = (
				1DDEFF401E5F0F0900183315 /* ViewControllers */,
				1D0265421E5C12E8007E6A3B /* TableCells */,
				1D0265411E5C12BF007E6A3B /* CoreData */,
				1D6D7BC51E5AE90200B8A905 /* AppDelegate.swift */,
				1D6D7BC91E5AE90200B8A905 /* Main.storyboard */,
				1D6D7BCF1E5AE90200B8A905 /* Assets.xcassets */,
				1D6D7BD11E5AE90200B8A905 /* LaunchScreen.storyboard */,
				1D6D7BD41E5AE90200B8A905 /* Info.plist */,
				1D6D7BCC1E5AE90200B8A905 /* chat.xcdatamodeld */,
				1D0265441E5C242C007E6A3B /* Function.swift */,
				1D04A95A1E5EC21C00D229EE /* CoreDataController.swift */,
			);
			path = chat;
			sourceTree = "<group>";
		};
		1D6D7BDC1E5AE90200B8A905 /* chatTests */ = {
			isa = PBXGroup;
			children = (
				1D6D7BDD1E5AE90200B8A905 /* chatTests.swift */,
				1D6D7BDF1E5AE90200B8A905 /* Info.plist */,
			);
			path = chatTests;
			sourceTree = "<group>";
		};
		1D6D7BE71E5AE90200B8A905 /* chatUITests */ = {
			isa = PBXGroup;
			children = (
				1D6D7BE81E5AE90200B8A905 /* chatUITests.swift */,
				1D6D7BEA1E5AE90200B8A905 /* Info.plist */,
			);
			path = chatUITests;
			sourceTree = "<group>";
		};
		1DDEFF401E5F0F0900183315 /* ViewControllers */ = {
			isa = PBXGroup;
			children = (
				1D6D7BC71E5AE90200B8A905 /* ViewController.swift */,
				1DDEFF3E1E5F0EF900183315 /* ChatsDisplayViewController.swift */,
			);
			name = ViewControllers;
			sourceTree = "<group>";
		};
		91DCED5BE265D7BEF360F990 /* Frameworks */ = {
			isa = PBXGroup;
			children = (
				FEA431E0BE89A8EFA012D198 /* Pods_chat.framework */,
			);
			name = Frameworks;
			sourceTree = "<group>";
		};
/* End PBXGroup section */

/* Begin PBXNativeTarget section */
		1D6D7BC11E5AE90200B8A905 /* chat */ = {
			isa = PBXNativeTarget;
			buildConfigurationList = 1D6D7BED1E5AE90200B8A905 /* Build configuration list for PBXNativeTarget "chat" */;
			buildPhases = (
				95467C96941046571200ED81 /* [CP] Check Pods Manifest.lock */,
				1D6D7BBE1E5AE90200B8A905 /* Sources */,
				1D6D7BBF1E5AE90200B8A905 /* Frameworks */,
				1D6D7BC01E5AE90200B8A905 /* Resources */,
				1F328E419F228350D75694DC /* [CP] Embed Pods Frameworks */,
				707CC482E3CFB071946A0A6D /* [CP] Copy Pods Resources */,
			);
			buildRules = (
			);
			dependencies = (
			);
			name = chat;
			productName = chat;
			productReference = 1D6D7BC21E5AE90200B8A905 /* chat.app */;
			productType = "com.apple.product-type.application";
		};
		1D6D7BD81E5AE90200B8A905 /* chatTests */ = {
			isa = PBXNativeTarget;
			buildConfigurationList = 1D6D7BF01E5AE90200B8A905 /* Build configuration list for PBXNativeTarget "chatTests" */;
			buildPhases = (
				1D6D7BD51E5AE90200B8A905 /* Sources */,
				1D6D7BD61E5AE90200B8A905 /* Frameworks */,
				1D6D7BD71E5AE90200B8A905 /* Resources */,
			);
			buildRules = (
			);
			dependencies = (
				1D6D7BDB1E5AE90200B8A905 /* PBXTargetDependency */,
			);
			name = chatTests;
			productName = chatTests;
			productReference = 1D6D7BD91E5AE90200B8A905 /* chatTests.xctest */;
			productType = "com.apple.product-type.bundle.unit-test";
		};
		1D6D7BE31E5AE90200B8A905 /* chatUITests */ = {
			isa = PBXNativeTarget;
			buildConfigurationList = 1D6D7BF31E5AE90200B8A905 /* Build configuration list for PBXNativeTarget "chatUITests" */;
			buildPhases = (
				1D6D7BE01E5AE90200B8A905 /* Sources */,
				1D6D7BE11E5AE90200B8A905 /* Frameworks */,
				1D6D7BE21E5AE90200B8A905 /* Resources */,
			);
			buildRules = (
			);
			dependencies = (
				1D6D7BE61E5AE90200B8A905 /* PBXTargetDependency */,
			);
			name = chatUITests;
			productName = chatUITests;
			productReference = 1D6D7BE41E5AE90200B8A905 /* chatUITests.xctest */;
			productType = "com.apple.product-type.bundle.ui-testing";
		};
/* End PBXNativeTarget section */

/* Begin PBXProject section */
		1D6D7BBA1E5AE90200B8A905 /* Project object */ = {
			isa = PBXProject;
			attributes = {
				LastSwiftUpdateCheck = 0820;
				LastUpgradeCheck = 0820;
				ORGANIZATIONNAME = codebrew;
				TargetAttributes = {
					1D6D7BC11E5AE90200B8A905 = {
						CreatedOnToolsVersion = 8.2.1;
						DevelopmentTeam = 3K6JQ87GJE;
						LastSwiftMigration = 0820;
						ProvisioningStyle = Automatic;
					};
					1D6D7BD81E5AE90200B8A905 = {
						CreatedOnToolsVersion = 8.2.1;
						ProvisioningStyle = Automatic;
						TestTargetID = 1D6D7BC11E5AE90200B8A905;
					};
					1D6D7BE31E5AE90200B8A905 = {
						CreatedOnToolsVersion = 8.2.1;
						ProvisioningStyle = Automatic;
						TestTargetID = 1D6D7BC11E5AE90200B8A905;
					};
				};
			};
			buildConfigurationList = 1D6D7BBD1E5AE90200B8A905 /* Build configuration list for PBXProject "chat" */;
			compatibilityVersion = "Xcode 3.2";
			developmentRegion = English;
			hasScannedForEncodings = 0;
			knownRegions = (
				en,
				Base,
			);
			mainGroup = 1D6D7BB91E5AE90200B8A905;
			productRefGroup = 1D6D7BC31E5AE90200B8A905 /* Products */;
			projectDirPath = "";
			projectRoot = "";
			targets = (
				1D6D7BC11E5AE90200B8A905 /* chat */,
				1D6D7BD81E5AE90200B8A905 /* chatTests */,
				1D6D7BE31E5AE90200B8A905 /* chatUITests */,
			);
		};
/* End PBXProject section */

/* Begin PBXResourcesBuildPhase section */
		1D6D7BC01E5AE90200B8A905 /* Resources */ = {
			isa = PBXResourcesBuildPhase;
			buildActionMask = 2147483647;
			files = (
				1D6D7BFF1E5B077A00B8A905 /* incomingChatTableViewCell.xib in Resources */,
				1D6D7BD31E5AE90200B8A905 /* LaunchScreen.storyboard in Resources */,
				1DDEFF3D1E5EF04A00183315 /* ChatsDisplayTableViewCell.xib in Resources */,
				1D6D7BFB1E5B076400B8A905 /* outgoingChatTableViewCell.xib in Resources */,
				1D6D7BD01E5AE90200B8A905 /* Assets.xcassets in Resources */,
				1D6D7BCB1E5AE90200B8A905 /* Main.storyboard in Resources */,
			);
			runOnlyForDeploymentPostprocessing = 0;
		};
		1D6D7BD71E5AE90200B8A905 /* Resources */ = {
			isa = PBXResourcesBuildPhase;
			buildActionMask = 2147483647;
			files = (
			);
			runOnlyForDeploymentPostprocessing = 0;
		};
		1D6D7BE21E5AE90200B8A905 /* Resources */ = {
			isa = PBXResourcesBuildPhase;
			buildActionMask = 2147483647;
			files = (
			);
			runOnlyForDeploymentPostprocessing = 0;
		};
/* End PBXResourcesBuildPhase section */

/* Begin PBXShellScriptBuildPhase section */
		1F328E419F228350D75694DC /* [CP] Embed Pods Frameworks */ = {
			isa = PBXShellScriptBuildPhase;
			buildActionMask = 2147483647;
			files = (
			);
			inputPaths = (
			);
			name = "[CP] Embed Pods Frameworks";
			outputPaths = (
			);
			runOnlyForDeploymentPostprocessing = 0;
			shellPath = /bin/sh;
			shellScript = "\"${SRCROOT}/Pods/Target Support Files/Pods-chat/Pods-chat-frameworks.sh\"\n";
			showEnvVarsInLog = 0;
		};
		707CC482E3CFB071946A0A6D /* [CP] Copy Pods Resources */ = {
			isa = PBXShellScriptBuildPhase;
			buildActionMask = 2147483647;
			files = (
			);
			inputPaths = (
			);
			name = "[CP] Copy Pods Resources";
			outputPaths = (
			);
			runOnlyForDeploymentPostprocessing = 0;
			shellPath = /bin/sh;
			shellScript = "\"${SRCROOT}/Pods/Target Support Files/Pods-chat/Pods-chat-resources.sh\"\n";
			showEnvVarsInLog = 0;
		};
		95467C96941046571200ED81 /* [CP] Check Pods Manifest.lock */ = {
			isa = PBXShellScriptBuildPhase;
			buildActionMask = 2147483647;
			files = (
			);
			inputPaths = (
			);
			name = "[CP] Check Pods Manifest.lock";
			outputPaths = (
			);
			runOnlyForDeploymentPostprocessing = 0;
			shellPath = /bin/sh;
			shellScript = "diff \"${PODS_ROOT}/../Podfile.lock\" \"${PODS_ROOT}/Manifest.lock\" > /dev/null\nif [ $? != 0 ] ; then\n    # print error to STDERR\n    echo \"error: The sandbox is not in sync with the Podfile.lock. Run 'pod install' or update your CocoaPods installation.\" >&2\n    exit 1\nfi\n";
			showEnvVarsInLog = 0;
		};
/* End PBXShellScriptBuildPhase section */

/* Begin PBXSourcesBuildPhase section */
		1D6D7BBE1E5AE90200B8A905 /* Sources */ = {
			isa = PBXSourcesBuildPhase;
			buildActionMask = 2147483647;
			files = (
				1D6D7BC81E5AE90200B8A905 /* ViewController.swift in Sources */,
				1D6D7BFA1E5B076400B8A905 /* outgoingChatTableViewCell.swift in Sources */,
				1DDEFF3F1E5F0EF900183315 /* ChatsDisplayViewController.swift in Sources */,
				1D6D7BCE1E5AE90200B8A905 /* chat.xcdatamodeld in Sources */,
				1D0265451E5C242C007E6A3B /* Function.swift in Sources */,
				1D04A95B1E5EC21C00D229EE /* CoreDataController.swift in Sources */,
				1D6D7BFE1E5B077A00B8A905 /* incomingChatTableViewCell.swift in Sources */,
				1DDEFF3C1E5EF04A00183315 /* ChatsDisplayTableViewCell.swift in Sources */,
				1D6D7BC61E5AE90200B8A905 /* AppDelegate.swift in Sources */,
			);
			runOnlyForDeploymentPostprocessing = 0;
		};
		1D6D7BD51E5AE90200B8A905 /* Sources */ = {
			isa = PBXSourcesBuildPhase;
			buildActionMask = 2147483647;
			files = (
				1D6D7BDE1E5AE90200B8A905 /* chatTests.swift in Sources */,
			);
			runOnlyForDeploymentPostprocessing = 0;
		};
		1D6D7BE01E5AE90200B8A905 /* Sources */ = {
			isa = PBXSourcesBuildPhase;
			buildActionMask = 2147483647;
			files = (
				1D6D7BE91E5AE90200B8A905 /* chatUITests.swift in Sources */,
			);
			runOnlyForDeploymentPostprocessing = 0;
		};
/* End PBXSourcesBuildPhase section */

/* Begin PBXTargetDependency section */
		1D6D7BDB1E5AE90200B8A905 /* PBXTargetDependency */ = {
			isa = PBXTargetDependency;
			target = 1D6D7BC11E5AE90200B8A905 /* chat */;
			targetProxy = 1D6D7BDA1E5AE90200B8A905 /* PBXContainerItemProxy */;
		};
		1D6D7BE61E5AE90200B8A905 /* PBXTargetDependency */ = {
			isa = PBXTargetDependency;
			target = 1D6D7BC11E5AE90200B8A905 /* chat */;
			targetProxy = 1D6D7BE51E5AE90200B8A905 /* PBXContainerItemProxy */;
		};
/* End PBXTargetDependency section */

/* Begin PBXVariantGroup section */
		1D6D7BC91E5AE90200B8A905 /* Main.storyboard */ = {
			isa = PBXVariantGroup;
			children = (
				1D6D7BCA1E5AE90200B8A905 /* Base */,
			);
			name = Main.storyboard;
			sourceTree = "<group>";
		};
		1D6D7BD11E5AE90200B8A905 /* LaunchScreen.storyboard */ = {
			isa = PBXVariantGroup;
			children = (
				1D6D7BD21E5AE90200B8A905 /* Base */,
			);
			name = LaunchScreen.storyboard;
			sourceTree = "<group>";
		};
/* End PBXVariantGroup section */

/* Begin XCBuildConfiguration section */
		1D6D7BEB1E5AE90200B8A905 /* Debug */ = {
			isa = XCBuildConfiguration;
			buildSettings = {
				ALWAYS_SEARCH_USER_PATHS = NO;
				CLANG_ANALYZER_NONNULL = YES;
				CLANG_CXX_LANGUAGE_STANDARD = "gnu++0x";
				CLANG_CXX_LIBRARY = "libc++";
				CLANG_ENABLE_MODULES = YES;
				CLANG_ENABLE_OBJC_ARC = YES;
				CLANG_WARN_BOOL_CONVERSION = YES;
				CLANG_WARN_CONSTANT_CONVERSION = YES;
				CLANG_WARN_DIRECT_OBJC_ISA_USAGE = YES_ERROR;
				CLANG_WARN_DOCUMENTATION_COMMENTS = YES;
				CLANG_WARN_EMPTY_BODY = YES;
				CLANG_WARN_ENUM_CONVERSION = YES;
				CLANG_WARN_INFINITE_RECURSION = YES;
				CLANG_WARN_INT_CONVERSION = YES;
				CLANG_WARN_OBJC_ROOT_CLASS = YES_ERROR;
				CLANG_WARN_SUSPICIOUS_MOVE = YES;
				CLANG_WARN_UNREACHABLE_CODE = YES;
				CLANG_WARN__DUPLICATE_METHOD_MATCH = YES;
				"CODE_SIGN_IDENTITY[sdk=iphoneos*]" = "iPhone Developer";
				COPY_PHASE_STRIP = NO;
				DEBUG_INFORMATION_FORMAT = dwarf;
				ENABLE_STRICT_OBJC_MSGSEND = YES;
				ENABLE_TESTABILITY = YES;
				GCC_C_LANGUAGE_STANDARD = gnu99;
				GCC_DYNAMIC_NO_PIC = NO;
				GCC_NO_COMMON_BLOCKS = YES;
				GCC_OPTIMIZATION_LEVEL = 0;
				GCC_PREPROCESSOR_DEFINITIONS = (
					"DEBUG=1",
					"$(inherited)",
				);
				GCC_WARN_64_TO_32_BIT_CONVERSION = YES;
				GCC_WARN_ABOUT_RETURN_TYPE = YES_ERROR;
				GCC_WARN_UNDECLARED_SELECTOR = YES;
				GCC_WARN_UNINITIALIZED_AUTOS = YES_AGGRESSIVE;
				GCC_WARN_UNUSED_FUNCTION = YES;
				GCC_WARN_UNUSED_VARIABLE = YES;
				IPHONEOS_DEPLOYMENT_TARGET = 10.2;
				MTL_ENABLE_DEBUG_INFO = YES;
				ONLY_ACTIVE_ARCH = YES;
				SDKROOT = iphoneos;
				SWIFT_ACTIVE_COMPILATION_CONDITIONS = DEBUG;
				SWIFT_OPTIMIZATION_LEVEL = "-Onone";
				TARGETED_DEVICE_FAMILY = "1,2";
			};
			name = Debug;
		};
		1D6D7BEC1E5AE90200B8A905 /* Release */ = {
			isa = XCBuildConfiguration;
			buildSettings = {
				ALWAYS_SEARCH_USER_PATHS = NO;
				CLANG_ANALYZER_NONNULL = YES;
				CLANG_CXX_LANGUAGE_STANDARD = "gnu++0x";
				CLANG_CXX_LIBRARY = "libc++";
				CLANG_ENABLE_MODULES = YES;
				CLANG_ENABLE_OBJC_ARC = YES;
				CLANG_WARN_BOOL_CONVERSION = YES;
				CLANG_WARN_CONSTANT_CONVERSION = YES;
				CLANG_WARN_DIRECT_OBJC_ISA_USAGE = YES_ERROR;
				CLANG_WARN_DOCUMENTATION_COMMENTS = YES;
				CLANG_WARN_EMPTY_BODY = YES;
				CLANG_WARN_ENUM_CONVERSION = YES;
				CLANG_WARN_INFINITE_RECURSION = YES;
				CLANG_WARN_INT_CONVERSION = YES;
				CLANG_WARN_OBJC_ROOT_CLASS = YES_ERROR;
				CLANG_WARN_SUSPICIOUS_MOVE = YES;
				CLANG_WARN_UNREACHABLE_CODE = YES;
				CLANG_WARN__DUPLICATE_METHOD_MATCH = YES;
				"CODE_SIGN_IDENTITY[sdk=iphoneos*]" = "iPhone Developer";
				COPY_PHASE_STRIP = NO;
				DEBUG_INFORMATION_FORMAT = "dwarf-with-dsym";
				ENABLE_NS_ASSERTIONS = NO;
				ENABLE_STRICT_OBJC_MSGSEND = YES;
				GCC_C_LANGUAGE_STANDARD = gnu99;
				GCC_NO_COMMON_BLOCKS = YES;
				GCC_WARN_64_TO_32_BIT_CONVERSION = YES;
				GCC_WARN_ABOUT_RETURN_TYPE = YES_ERROR;
				GCC_WARN_UNDECLARED_SELECTOR = YES;
				GCC_WARN_UNINITIALIZED_AUTOS = YES_AGGRESSIVE;
				GCC_WARN_UNUSED_FUNCTION = YES;
				GCC_WARN_UNUSED_VARIABLE = YES;
				IPHONEOS_DEPLOYMENT_TARGET = 10.2;
				MTL_ENABLE_DEBUG_INFO = NO;
				SDKROOT = iphoneos;
				SWIFT_OPTIMIZATION_LEVEL = "-Owholemodule";
				TARGETED_DEVICE_FAMILY = "1,2";
				VALIDATE_PRODUCT = YES;
			};
			name = Release;
		};
		1D6D7BEE1E5AE90200B8A905 /* Debug */ = {
			isa = XCBuildConfiguration;
			baseConfigurationReference = BEF175198E575AFDAC5A03FD /* Pods-chat.debug.xcconfig */;
			buildSettings = {
				ASSETCATALOG_COMPILER_APPICON_NAME = AppIcon;
				CLANG_ENABLE_MODULES = YES;
				DEVELOPMENT_TEAM = 3K6JQ87GJE;
				INFOPLIST_FILE = chat/Info.plist;
				IPHONEOS_DEPLOYMENT_TARGET = 9.0;
				LD_RUNPATH_SEARCH_PATHS = "$(inherited) @executable_path/Frameworks";
				PRODUCT_BUNDLE_IDENTIFIER = "com.code-brew.chat";
				PRODUCT_NAME = "$(TARGET_NAME)";
				SWIFT_OPTIMIZATION_LEVEL = "-Onone";
				SWIFT_VERSION = 3.0;
			};
			name = Debug;
		};
		1D6D7BEF1E5AE90200B8A905 /* Release */ = {
			isa = XCBuildConfiguration;
			baseConfigurationReference = D38592C452B461DB21445407 /* Pods-chat.release.xcconfig */;
			buildSettings = {
				ASSETCATALOG_COMPILER_APPICON_NAME = AppIcon;
				CLANG_ENABLE_MODULES = YES;
				DEVELOPMENT_TEAM = 3K6JQ87GJE;
				INFOPLIST_FILE = chat/Info.plist;
				IPHONEOS_DEPLOYMENT_TARGET = 9.0;
				LD_RUNPATH_SEARCH_PATHS = "$(inherited) @executable_path/Frameworks";
				PRODUCT_BUNDLE_IDENTIFIER = "com.code-brew.chat";
				PRODUCT_NAME = "$(TARGET_NAME)";
				SWIFT_VERSION = 3.0;
			};
			name = Release;
		};
		1D6D7BF11E5AE90200B8A905 /* Debug */ = {
			isa = XCBuildConfiguration;
			buildSettings = {
				ALWAYS_EMBED_SWIFT_STANDARD_LIBRARIES = YES;
				BUNDLE_LOADER = "$(TEST_HOST)";
				INFOPLIST_FILE = chatTests/Info.plist;
				LD_RUNPATH_SEARCH_PATHS = "$(inherited) @executable_path/Frameworks @loader_path/Frameworks";
				PRODUCT_BUNDLE_IDENTIFIER = "com.code-brew.chatTests";
				PRODUCT_NAME = "$(TARGET_NAME)";
				SWIFT_VERSION = 3.0;
				TEST_HOST = "$(BUILT_PRODUCTS_DIR)/chat.app/chat";
			};
			name = Debug;
		};
		1D6D7BF21E5AE90200B8A905 /* Release */ = {
			isa = XCBuildConfiguration;
			buildSettings = {
				ALWAYS_EMBED_SWIFT_STANDARD_LIBRARIES = YES;
				BUNDLE_LOADER = "$(TEST_HOST)";
				INFOPLIST_FILE = chatTests/Info.plist;
				LD_RUNPATH_SEARCH_PATHS = "$(inherited) @executable_path/Frameworks @loader_path/Frameworks";
				PRODUCT_BUNDLE_IDENTIFIER = "com.code-brew.chatTests";
				PRODUCT_NAME = "$(TARGET_NAME)";
				SWIFT_VERSION = 3.0;
				TEST_HOST = "$(BUILT_PRODUCTS_DIR)/chat.app/chat";
			};
			name = Release;
		};
		1D6D7BF41E5AE90200B8A905 /* Debug */ = {
			isa = XCBuildConfiguration;
			buildSettings = {
				ALWAYS_EMBED_SWIFT_STANDARD_LIBRARIES = YES;
				INFOPLIST_FILE = chatUITests/Info.plist;
				LD_RUNPATH_SEARCH_PATHS = "$(inherited) @executable_path/Frameworks @loader_path/Frameworks";
				PRODUCT_BUNDLE_IDENTIFIER = "com.code-brew.chatUITests";
				PRODUCT_NAME = "$(TARGET_NAME)";
				SWIFT_VERSION = 3.0;
				TEST_TARGET_NAME = chat;
			};
			name = Debug;
		};
		1D6D7BF51E5AE90200B8A905 /* Release */ = {
			isa = XCBuildConfiguration;
			buildSettings = {
				ALWAYS_EMBED_SWIFT_STANDARD_LIBRARIES = YES;
				INFOPLIST_FILE = chatUITests/Info.plist;
				LD_RUNPATH_SEARCH_PATHS = "$(inherited) @executable_path/Frameworks @loader_path/Frameworks";
				PRODUCT_BUNDLE_IDENTIFIER = "com.code-brew.chatUITests";
				PRODUCT_NAME = "$(TARGET_NAME)";
				SWIFT_VERSION = 3.0;
				TEST_TARGET_NAME = chat;
			};
			name = Release;
		};
/* End XCBuildConfiguration section */

/* Begin XCConfigurationList section */
		1D6D7BBD1E5AE90200B8A905 /* Build configuration list for PBXProject "chat" */ = {
			isa = XCConfigurationList;
			buildConfigurations = (
				1D6D7BEB1E5AE90200B8A905 /* Debug */,
				1D6D7BEC1E5AE90200B8A905 /* Release */,
			);
			defaultConfigurationIsVisible = 0;
			defaultConfigurationName = Release;
		};
		1D6D7BED1E5AE90200B8A905 /* Build configuration list for PBXNativeTarget "chat" */ = {
			isa = XCConfigurationList;
			buildConfigurations = (
				1D6D7BEE1E5AE90200B8A905 /* Debug */,
				1D6D7BEF1E5AE90200B8A905 /* Release */,
			);
			defaultConfigurationIsVisible = 0;
			defaultConfigurationName = Release;
		};
		1D6D7BF01E5AE90200B8A905 /* Build configuration list for PBXNativeTarget "chatTests" */ = {
			isa = XCConfigurationList;
			buildConfigurations = (
				1D6D7BF11E5AE90200B8A905 /* Debug */,
				1D6D7BF21E5AE90200B8A905 /* Release */,
			);
			defaultConfigurationIsVisible = 0;
			defaultConfigurationName = Release;
		};
		1D6D7BF31E5AE90200B8A905 /* Build configuration list for PBXNativeTarget "chatUITests" */ = {
			isa = XCConfigurationList;
			buildConfigurations = (
				1D6D7BF41E5AE90200B8A905 /* Debug */,
				1D6D7BF51E5AE90200B8A905 /* Release */,
			);
			defaultConfigurationIsVisible = 0;
			defaultConfigurationName = Release;
		};
/* End XCConfigurationList section */

/* Begin XCVersionGroup section */
		1D6D7BCC1E5AE90200B8A905 /* chat.xcdatamodeld */ = {
			isa = XCVersionGroup;
			children = (
				1D6D7BCD1E5AE90200B8A905 /* chat.xcdatamodel */,
			);
			currentVersion = 1D6D7BCD1E5AE90200B8A905 /* chat.xcdatamodel */;
			path = chat.xcdatamodeld;
			sourceTree = "<group>";
			versionGroupType = wrapper.xcdatamodel;
		};
/* End XCVersionGroup section */
	};
	rootObject = 1D6D7BBA1E5AE90200B8A905 /* Project object */;
}
